// !$*UTF8*$!
{
	archiveVersion = 1;
	classes = {
	};
	objectVersion = 55;
	objects = {

/* Begin PBXBuildFile section */
		74398C43278443A100F222C7 /* UserDefaults.swift in Sources */ = {isa = PBXBuildFile; fileRef = 74DE63BB270CDC0000FB0A40 /* UserDefaults.swift */; };
		745F3AFA270A696500EC5B16 /* AppDelegate.swift in Sources */ = {isa = PBXBuildFile; fileRef = 745F3AF9270A696500EC5B16 /* AppDelegate.swift */; };
		745F3AFC270A696500EC5B16 /* SceneDelegate.swift in Sources */ = {isa = PBXBuildFile; fileRef = 745F3AFB270A696500EC5B16 /* SceneDelegate.swift */; };
		745F3AFE270A696500EC5B16 /* ViewController.swift in Sources */ = {isa = PBXBuildFile; fileRef = 745F3AFD270A696500EC5B16 /* ViewController.swift */; };
		745F3B01270A696500EC5B16 /* Main.storyboard in Resources */ = {isa = PBXBuildFile; fileRef = 745F3AFF270A696500EC5B16 /* Main.storyboard */; };
		745F3B03270A696A00EC5B16 /* Assets.xcassets in Resources */ = {isa = PBXBuildFile; fileRef = 745F3B02270A696A00EC5B16 /* Assets.xcassets */; };
		745F3B06270A696A00EC5B16 /* LaunchScreen.storyboard in Resources */ = {isa = PBXBuildFile; fileRef = 745F3B04270A696A00EC5B16 /* LaunchScreen.storyboard */; };
		7464AED4270D571F000C8CA4 /* NotificationsTVC.swift in Sources */ = {isa = PBXBuildFile; fileRef = 7464AED3270D571F000C8CA4 /* NotificationsTVC.swift */; };
		7464AED5270D5F51000C8CA4 /* UserDefaults.swift in Sources */ = {isa = PBXBuildFile; fileRef = 74DE63BB270CDC0000FB0A40 /* UserDefaults.swift */; };
		74A782D627827D4A00627C1E /* Interface.storyboard in Resources */ = {isa = PBXBuildFile; fileRef = 74A782D427827D4A00627C1E /* Interface.storyboard */; };
		74A782D827827D4F00627C1E /* Assets.xcassets in Resources */ = {isa = PBXBuildFile; fileRef = 74A782D727827D4F00627C1E /* Assets.xcassets */; };
		74A782DE27827D5000627C1E /* OSU ID Watch WatchKit Extension.appex in Embed App Extensions */ = {isa = PBXBuildFile; fileRef = 74A782DD27827D5000627C1E /* OSU ID Watch WatchKit Extension.appex */; settings = {ATTRIBUTES = (RemoveHeadersOnCopy, ); }; };
		74A782E327827D5000627C1E /* InterfaceController.swift in Sources */ = {isa = PBXBuildFile; fileRef = 74A782E227827D5000627C1E /* InterfaceController.swift */; };
		74A782E527827D5000627C1E /* ExtensionDelegate.swift in Sources */ = {isa = PBXBuildFile; fileRef = 74A782E427827D5000627C1E /* ExtensionDelegate.swift */; };
		74A782E727827D5000627C1E /* NotificationController.swift in Sources */ = {isa = PBXBuildFile; fileRef = 74A782E627827D5000627C1E /* NotificationController.swift */; };
		74A782E927827D5000627C1E /* ComplicationController.swift in Sources */ = {isa = PBXBuildFile; fileRef = 74A782E827827D5000627C1E /* ComplicationController.swift */; };
		74A782EB27827D5300627C1E /* Assets.xcassets in Resources */ = {isa = PBXBuildFile; fileRef = 74A782EA27827D5300627C1E /* Assets.xcassets */; };
		74A782F027827D5400627C1E /* OSU ID Watch.app in Embed Watch Content */ = {isa = PBXBuildFile; fileRef = 74A782D227827D4A00627C1E /* OSU ID Watch.app */; settings = {ATTRIBUTES = (RemoveHeadersOnCopy, ); }; };
		74CCB254270EC50500AF473C /* Utils.swift in Sources */ = {isa = PBXBuildFile; fileRef = 74CCB253270EC50500AF473C /* Utils.swift */; };
		74DE63BC270CDC0000FB0A40 /* UserDefaults.swift in Sources */ = {isa = PBXBuildFile; fileRef = 74DE63BB270CDC0000FB0A40 /* UserDefaults.swift */; };
		74DE63BE270CE04800FB0A40 /* NameVC.swift in Sources */ = {isa = PBXBuildFile; fileRef = 74DE63BD270CE04800FB0A40 /* NameVC.swift */; };
		74F8651A270BFF5E00EBC516 /* IDVC.swift in Sources */ = {isa = PBXBuildFile; fileRef = 74F86519270BFF5E00EBC516 /* IDVC.swift */; };
		74FAB61E270D066D0041B1E1 /* SettingsTVC.swift in Sources */ = {isa = PBXBuildFile; fileRef = 74FAB61D270D066D0041B1E1 /* SettingsTVC.swift */; };
		74FAB625270D3E500041B1E1 /* WidgetKit.framework in Frameworks */ = {isa = PBXBuildFile; fileRef = 74FAB624270D3E500041B1E1 /* WidgetKit.framework */; };
		74FAB627270D3E500041B1E1 /* SwiftUI.framework in Frameworks */ = {isa = PBXBuildFile; fileRef = 74FAB626270D3E500041B1E1 /* SwiftUI.framework */; };
		74FAB62A270D3E500041B1E1 /* OSUIDWidget.swift in Sources */ = {isa = PBXBuildFile; fileRef = 74FAB629270D3E500041B1E1 /* OSUIDWidget.swift */; };
		74FAB62C270D3E570041B1E1 /* Assets.xcassets in Resources */ = {isa = PBXBuildFile; fileRef = 74FAB62B270D3E570041B1E1 /* Assets.xcassets */; };
		74FAB630270D3E570041B1E1 /* OSUIDWidgetExtension.appex in Embed App Extensions */ = {isa = PBXBuildFile; fileRef = 74FAB623270D3E500041B1E1 /* OSUIDWidgetExtension.appex */; settings = {ATTRIBUTES = (RemoveHeadersOnCopy, ); }; };
		8D6C1798A01FFA39BE37BFAE /* Pods_OSU_ID.framework in Frameworks */ = {isa = PBXBuildFile; fileRef = 2E4645186A90138747724DFD /* Pods_OSU_ID.framework */; };
/* End PBXBuildFile section */

/* Begin PBXContainerItemProxy section */
		74A782DF27827D5000627C1E /* PBXContainerItemProxy */ = {
			isa = PBXContainerItemProxy;
			containerPortal = 745F3AEE270A696500EC5B16 /* Project object */;
			proxyType = 1;
			remoteGlobalIDString = 74A782DC27827D5000627C1E;
			remoteInfo = "OSU ID Watch WatchKit Extension";
		};
		74A782EE27827D5400627C1E /* PBXContainerItemProxy */ = {
			isa = PBXContainerItemProxy;
			containerPortal = 745F3AEE270A696500EC5B16 /* Project object */;
			proxyType = 1;
			remoteGlobalIDString = 74A782D127827D4A00627C1E;
			remoteInfo = "OSU ID Watch";
		};
		74FAB62E270D3E570041B1E1 /* PBXContainerItemProxy */ = {
			isa = PBXContainerItemProxy;
			containerPortal = 745F3AEE270A696500EC5B16 /* Project object */;
			proxyType = 1;
			remoteGlobalIDString = 74FAB622270D3E500041B1E1;
			remoteInfo = OSUIDWidgetExtension;
		};
/* End PBXContainerItemProxy section */

/* Begin PBXCopyFilesBuildPhase section */
		74A782F127827D5400627C1E /* Embed Watch Content */ = {
			isa = PBXCopyFilesBuildPhase;
			buildActionMask = 2147483647;
			dstPath = "$(CONTENTS_FOLDER_PATH)/Watch";
			dstSubfolderSpec = 16;
			files = (
				74A782F027827D5400627C1E /* OSU ID Watch.app in Embed Watch Content */,
			);
			name = "Embed Watch Content";
			runOnlyForDeploymentPostprocessing = 0;
		};
		74A782F427827D5400627C1E /* Embed App Extensions */ = {
			isa = PBXCopyFilesBuildPhase;
			buildActionMask = 2147483647;
			dstPath = "";
			dstSubfolderSpec = 13;
			files = (
				74A782DE27827D5000627C1E /* OSU ID Watch WatchKit Extension.appex in Embed App Extensions */,
			);
			name = "Embed App Extensions";
			runOnlyForDeploymentPostprocessing = 0;
		};
		74FAB631270D3E570041B1E1 /* Embed App Extensions */ = {
			isa = PBXCopyFilesBuildPhase;
			buildActionMask = 2147483647;
			dstPath = "";
			dstSubfolderSpec = 13;
			files = (
				74FAB630270D3E570041B1E1 /* OSUIDWidgetExtension.appex in Embed App Extensions */,
			);
			name = "Embed App Extensions";
			runOnlyForDeploymentPostprocessing = 0;
		};
/* End PBXCopyFilesBuildPhase section */

/* Begin PBXFileReference section */
		2A105207C293FA13451D2D33 /* Pods-OSU ID.debug.xcconfig */ = {isa = PBXFileReference; includeInIndex = 1; lastKnownFileType = text.xcconfig; name = "Pods-OSU ID.debug.xcconfig"; path = "Target Support Files/Pods-OSU ID/Pods-OSU ID.debug.xcconfig"; sourceTree = "<group>"; };
		2E4645186A90138747724DFD /* Pods_OSU_ID.framework */ = {isa = PBXFileReference; explicitFileType = wrapper.framework; includeInIndex = 0; path = Pods_OSU_ID.framework; sourceTree = BUILT_PRODUCTS_DIR; };
		63A1C9C063E0A6E86DB22E1C /* Pods-OSU ID.release.xcconfig */ = {isa = PBXFileReference; includeInIndex = 1; lastKnownFileType = text.xcconfig; name = "Pods-OSU ID.release.xcconfig"; path = "Target Support Files/Pods-OSU ID/Pods-OSU ID.release.xcconfig"; sourceTree = "<group>"; };
		74398C44278443D300F222C7 /* OSU ID Watch WatchKit Extension.entitlements */ = {isa = PBXFileReference; lastKnownFileType = text.plist.entitlements; path = "OSU ID Watch WatchKit Extension.entitlements"; sourceTree = "<group>"; };
		74398C45278444E700F222C7 /* OSU ID Watch.entitlements */ = {isa = PBXFileReference; lastKnownFileType = text.plist.entitlements; path = "OSU ID Watch.entitlements"; sourceTree = "<group>"; };
		745F3AF6270A696500EC5B16 /* OSU ID.app */ = {isa = PBXFileReference; explicitFileType = wrapper.application; includeInIndex = 0; path = "OSU ID.app"; sourceTree = BUILT_PRODUCTS_DIR; };
		745F3AF9270A696500EC5B16 /* AppDelegate.swift */ = {isa = PBXFileReference; lastKnownFileType = sourcecode.swift; path = AppDelegate.swift; sourceTree = "<group>"; };
		745F3AFB270A696500EC5B16 /* SceneDelegate.swift */ = {isa = PBXFileReference; lastKnownFileType = sourcecode.swift; path = SceneDelegate.swift; sourceTree = "<group>"; };
		745F3AFD270A696500EC5B16 /* ViewController.swift */ = {isa = PBXFileReference; lastKnownFileType = sourcecode.swift; path = ViewController.swift; sourceTree = "<group>"; };
		745F3B00270A696500EC5B16 /* Base */ = {isa = PBXFileReference; lastKnownFileType = file.storyboard; name = Base; path = Base.lproj/Main.storyboard; sourceTree = "<group>"; };
		745F3B02270A696A00EC5B16 /* Assets.xcassets */ = {isa = PBXFileReference; lastKnownFileType = folder.assetcatalog; path = Assets.xcassets; sourceTree = "<group>"; };
		745F3B05270A696A00EC5B16 /* Base */ = {isa = PBXFileReference; lastKnownFileType = file.storyboard; name = Base; path = Base.lproj/LaunchScreen.storyboard; sourceTree = "<group>"; };
		745F3B07270A696A00EC5B16 /* Info.plist */ = {isa = PBXFileReference; lastKnownFileType = text.plist.xml; path = Info.plist; sourceTree = "<group>"; };
		745F3B0D270BB75700EC5B16 /* OSU ID.entitlements */ = {isa = PBXFileReference; lastKnownFileType = text.plist.entitlements; path = "OSU ID.entitlements"; sourceTree = "<group>"; };
		7464AED3270D571F000C8CA4 /* NotificationsTVC.swift */ = {isa = PBXFileReference; lastKnownFileType = sourcecode.swift; path = NotificationsTVC.swift; sourceTree = "<group>"; };
		74732890270D892D00C56BCA /* OSUIDWidgetExtension.entitlements */ = {isa = PBXFileReference; lastKnownFileType = text.plist.entitlements; path = OSUIDWidgetExtension.entitlements; sourceTree = "<group>"; };
		74A782D227827D4A00627C1E /* OSU ID Watch.app */ = {isa = PBXFileReference; explicitFileType = wrapper.application; includeInIndex = 0; path = "OSU ID Watch.app"; sourceTree = BUILT_PRODUCTS_DIR; };
		74A782D527827D4A00627C1E /* Base */ = {isa = PBXFileReference; lastKnownFileType = file.storyboard; name = Base; path = Base.lproj/Interface.storyboard; sourceTree = "<group>"; };
		74A782D727827D4F00627C1E /* Assets.xcassets */ = {isa = PBXFileReference; lastKnownFileType = folder.assetcatalog; path = Assets.xcassets; sourceTree = "<group>"; };
		74A782DD27827D5000627C1E /* OSU ID Watch WatchKit Extension.appex */ = {isa = PBXFileReference; explicitFileType = "wrapper.app-extension"; includeInIndex = 0; path = "OSU ID Watch WatchKit Extension.appex"; sourceTree = BUILT_PRODUCTS_DIR; };
		74A782E227827D5000627C1E /* InterfaceController.swift */ = {isa = PBXFileReference; lastKnownFileType = sourcecode.swift; path = InterfaceController.swift; sourceTree = "<group>"; };
		74A782E427827D5000627C1E /* ExtensionDelegate.swift */ = {isa = PBXFileReference; lastKnownFileType = sourcecode.swift; path = ExtensionDelegate.swift; sourceTree = "<group>"; };
		74A782E627827D5000627C1E /* NotificationController.swift */ = {isa = PBXFileReference; lastKnownFileType = sourcecode.swift; path = NotificationController.swift; sourceTree = "<group>"; };
		74A782E827827D5000627C1E /* ComplicationController.swift */ = {isa = PBXFileReference; lastKnownFileType = sourcecode.swift; path = ComplicationController.swift; sourceTree = "<group>"; };
		74A782EA27827D5300627C1E /* Assets.xcassets */ = {isa = PBXFileReference; lastKnownFileType = folder.assetcatalog; path = Assets.xcassets; sourceTree = "<group>"; };
		74A782EC27827D5300627C1E /* Info.plist */ = {isa = PBXFileReference; lastKnownFileType = text.plist.xml; path = Info.plist; sourceTree = "<group>"; };
		74A782ED27827D5300627C1E /* PushNotificationPayload.apns */ = {isa = PBXFileReference; lastKnownFileType = text; path = PushNotificationPayload.apns; sourceTree = "<group>"; };
		74CCB253270EC50500AF473C /* Utils.swift */ = {isa = PBXFileReference; lastKnownFileType = sourcecode.swift; path = Utils.swift; sourceTree = "<group>"; };
		74DE63BB270CDC0000FB0A40 /* UserDefaults.swift */ = {isa = PBXFileReference; lastKnownFileType = sourcecode.swift; path = UserDefaults.swift; sourceTree = "<group>"; };
		74DE63BD270CE04800FB0A40 /* NameVC.swift */ = {isa = PBXFileReference; lastKnownFileType = sourcecode.swift; path = NameVC.swift; sourceTree = "<group>"; };
		74F86519270BFF5E00EBC516 /* IDVC.swift */ = {isa = PBXFileReference; lastKnownFileType = sourcecode.swift; path = IDVC.swift; sourceTree = "<group>"; };
		74FAB61D270D066D0041B1E1 /* SettingsTVC.swift */ = {isa = PBXFileReference; lastKnownFileType = sourcecode.swift; path = SettingsTVC.swift; sourceTree = "<group>"; };
		74FAB623270D3E500041B1E1 /* OSUIDWidgetExtension.appex */ = {isa = PBXFileReference; explicitFileType = "wrapper.app-extension"; includeInIndex = 0; path = OSUIDWidgetExtension.appex; sourceTree = BUILT_PRODUCTS_DIR; };
		74FAB624270D3E500041B1E1 /* WidgetKit.framework */ = {isa = PBXFileReference; lastKnownFileType = wrapper.framework; name = WidgetKit.framework; path = System/Library/Frameworks/WidgetKit.framework; sourceTree = SDKROOT; };
		74FAB626270D3E500041B1E1 /* SwiftUI.framework */ = {isa = PBXFileReference; lastKnownFileType = wrapper.framework; name = SwiftUI.framework; path = System/Library/Frameworks/SwiftUI.framework; sourceTree = SDKROOT; };
		74FAB629270D3E500041B1E1 /* OSUIDWidget.swift */ = {isa = PBXFileReference; lastKnownFileType = sourcecode.swift; path = OSUIDWidget.swift; sourceTree = "<group>"; };
		74FAB62B270D3E570041B1E1 /* Assets.xcassets */ = {isa = PBXFileReference; lastKnownFileType = folder.assetcatalog; path = Assets.xcassets; sourceTree = "<group>"; };
		74FAB62D270D3E570041B1E1 /* Info.plist */ = {isa = PBXFileReference; lastKnownFileType = text.plist.xml; path = Info.plist; sourceTree = "<group>"; };
/* End PBXFileReference section */

/* Begin PBXFrameworksBuildPhase section */
		745F3AF3270A696500EC5B16 /* Frameworks */ = {
			isa = PBXFrameworksBuildPhase;
			buildActionMask = 2147483647;
			files = (
				8D6C1798A01FFA39BE37BFAE /* Pods_OSU_ID.framework in Frameworks */,
			);
			runOnlyForDeploymentPostprocessing = 0;
		};
		74A782DA27827D5000627C1E /* Frameworks */ = {
			isa = PBXFrameworksBuildPhase;
			buildActionMask = 2147483647;
			files = (
			);
			runOnlyForDeploymentPostprocessing = 0;
		};
		74FAB620270D3E500041B1E1 /* Frameworks */ = {
			isa = PBXFrameworksBuildPhase;
			buildActionMask = 2147483647;
			files = (
				74FAB627270D3E500041B1E1 /* SwiftUI.framework in Frameworks */,
				74FAB625270D3E500041B1E1 /* WidgetKit.framework in Frameworks */,
			);
			runOnlyForDeploymentPostprocessing = 0;
		};
/* End PBXFrameworksBuildPhase section */

/* Begin PBXGroup section */
		745F3AED270A696500EC5B16 = {
			isa = PBXGroup;
			children = (
				74732890270D892D00C56BCA /* OSUIDWidgetExtension.entitlements */,
				745F3AF8270A696500EC5B16 /* OSU ID */,
				74FAB628270D3E500041B1E1 /* OSUIDWidget */,
				74A782D327827D4A00627C1E /* OSU ID Watch */,
				74A782E127827D5000627C1E /* OSU ID Watch WatchKit Extension */,
				745F3AF7270A696500EC5B16 /* Products */,
				D4FDA6027C29F28C05ED497D /* Pods */,
				D18F79F5D0E63AC609192086 /* Frameworks */,
			);
			sourceTree = "<group>";
		};
		745F3AF7270A696500EC5B16 /* Products */ = {
			isa = PBXGroup;
			children = (
				745F3AF6270A696500EC5B16 /* OSU ID.app */,
				74FAB623270D3E500041B1E1 /* OSUIDWidgetExtension.appex */,
				74A782D227827D4A00627C1E /* OSU ID Watch.app */,
				74A782DD27827D5000627C1E /* OSU ID Watch WatchKit Extension.appex */,
			);
			name = Products;
			sourceTree = "<group>";
		};
		745F3AF8270A696500EC5B16 /* OSU ID */ = {
			isa = PBXGroup;
			children = (
				745F3B0D270BB75700EC5B16 /* OSU ID.entitlements */,
				745F3AF9270A696500EC5B16 /* AppDelegate.swift */,
				745F3AFB270A696500EC5B16 /* SceneDelegate.swift */,
				745F3AFD270A696500EC5B16 /* ViewController.swift */,
				74DE63BB270CDC0000FB0A40 /* UserDefaults.swift */,
				74F86519270BFF5E00EBC516 /* IDVC.swift */,
				74DE63BD270CE04800FB0A40 /* NameVC.swift */,
				74FAB61D270D066D0041B1E1 /* SettingsTVC.swift */,
				74CCB253270EC50500AF473C /* Utils.swift */,
				7464AED3270D571F000C8CA4 /* NotificationsTVC.swift */,
				745F3AFF270A696500EC5B16 /* Main.storyboard */,
				745F3B02270A696A00EC5B16 /* Assets.xcassets */,
				745F3B04270A696A00EC5B16 /* LaunchScreen.storyboard */,
				745F3B07270A696A00EC5B16 /* Info.plist */,
			);
			path = "OSU ID";
			sourceTree = "<group>";
		};
		74A782D327827D4A00627C1E /* OSU ID Watch */ = {
			isa = PBXGroup;
			children = (
				74398C45278444E700F222C7 /* OSU ID Watch.entitlements */,
				74A782D427827D4A00627C1E /* Interface.storyboard */,
				74A782D727827D4F00627C1E /* Assets.xcassets */,
			);
			path = "OSU ID Watch";
			sourceTree = "<group>";
		};
		74A782E127827D5000627C1E /* OSU ID Watch WatchKit Extension */ = {
			isa = PBXGroup;
			children = (
				74398C44278443D300F222C7 /* OSU ID Watch WatchKit Extension.entitlements */,
				74A782E227827D5000627C1E /* InterfaceController.swift */,
				74A782E427827D5000627C1E /* ExtensionDelegate.swift */,
				74A782E627827D5000627C1E /* NotificationController.swift */,
				74A782E827827D5000627C1E /* ComplicationController.swift */,
				74A782EA27827D5300627C1E /* Assets.xcassets */,
				74A782EC27827D5300627C1E /* Info.plist */,
				74A782ED27827D5300627C1E /* PushNotificationPayload.apns */,
			);
			path = "OSU ID Watch WatchKit Extension";
			sourceTree = "<group>";
		};
		74FAB628270D3E500041B1E1 /* OSUIDWidget */ = {
			isa = PBXGroup;
			children = (
				74FAB629270D3E500041B1E1 /* OSUIDWidget.swift */,
				74FAB62B270D3E570041B1E1 /* Assets.xcassets */,
				74FAB62D270D3E570041B1E1 /* Info.plist */,
			);
			path = OSUIDWidget;
			sourceTree = "<group>";
		};
		D18F79F5D0E63AC609192086 /* Frameworks */ = {
			isa = PBXGroup;
			children = (
				2E4645186A90138747724DFD /* Pods_OSU_ID.framework */,
				74FAB624270D3E500041B1E1 /* WidgetKit.framework */,
				74FAB626270D3E500041B1E1 /* SwiftUI.framework */,
			);
			name = Frameworks;
			sourceTree = "<group>";
		};
		D4FDA6027C29F28C05ED497D /* Pods */ = {
			isa = PBXGroup;
			children = (
				2A105207C293FA13451D2D33 /* Pods-OSU ID.debug.xcconfig */,
				63A1C9C063E0A6E86DB22E1C /* Pods-OSU ID.release.xcconfig */,
			);
			path = Pods;
			sourceTree = "<group>";
		};
/* End PBXGroup section */

/* Begin PBXNativeTarget section */
		745F3AF5270A696500EC5B16 /* OSU ID */ = {
			isa = PBXNativeTarget;
			buildConfigurationList = 745F3B0A270A696A00EC5B16 /* Build configuration list for PBXNativeTarget "OSU ID" */;
			buildPhases = (
				13A740B5BB495A9C4F1BD1B6 /* [CP] Check Pods Manifest.lock */,
				745F3AF2270A696500EC5B16 /* Sources */,
				745F3AF3270A696500EC5B16 /* Frameworks */,
				745F3AF4270A696500EC5B16 /* Resources */,
				2E25849D5DB523ECFE0C6209 /* [CP] Embed Pods Frameworks */,
				74FAB631270D3E570041B1E1 /* Embed App Extensions */,
				74A782F127827D5400627C1E /* Embed Watch Content */,
			);
			buildRules = (
			);
			dependencies = (
				74FAB62F270D3E570041B1E1 /* PBXTargetDependency */,
				74A782EF27827D5400627C1E /* PBXTargetDependency */,
			);
			name = "OSU ID";
			productName = "OSU ID";
			productReference = 745F3AF6270A696500EC5B16 /* OSU ID.app */;
			productType = "com.apple.product-type.application";
		};
		74A782D127827D4A00627C1E /* OSU ID Watch */ = {
			isa = PBXNativeTarget;
			buildConfigurationList = 74A782F827827D5400627C1E /* Build configuration list for PBXNativeTarget "OSU ID Watch" */;
			buildPhases = (
				74A782D027827D4A00627C1E /* Resources */,
				74A782F427827D5400627C1E /* Embed App Extensions */,
			);
			buildRules = (
			);
			dependencies = (
				74A782E027827D5000627C1E /* PBXTargetDependency */,
			);
			name = "OSU ID Watch";
			productName = "OSU ID Watch";
			productReference = 74A782D227827D4A00627C1E /* OSU ID Watch.app */;
			productType = "com.apple.product-type.application.watchapp2";
		};
		74A782DC27827D5000627C1E /* OSU ID Watch WatchKit Extension */ = {
			isa = PBXNativeTarget;
			buildConfigurationList = 74A782F727827D5400627C1E /* Build configuration list for PBXNativeTarget "OSU ID Watch WatchKit Extension" */;
			buildPhases = (
				74A782D927827D5000627C1E /* Sources */,
				74A782DA27827D5000627C1E /* Frameworks */,
				74A782DB27827D5000627C1E /* Resources */,
			);
			buildRules = (
			);
			dependencies = (
			);
			name = "OSU ID Watch WatchKit Extension";
			productName = "OSU ID Watch WatchKit Extension";
			productReference = 74A782DD27827D5000627C1E /* OSU ID Watch WatchKit Extension.appex */;
			productType = "com.apple.product-type.watchkit2-extension";
		};
		74FAB622270D3E500041B1E1 /* OSUIDWidgetExtension */ = {
			isa = PBXNativeTarget;
			buildConfigurationList = 74FAB634270D3E570041B1E1 /* Build configuration list for PBXNativeTarget "OSUIDWidgetExtension" */;
			buildPhases = (
				74FAB61F270D3E500041B1E1 /* Sources */,
				74FAB620270D3E500041B1E1 /* Frameworks */,
				74FAB621270D3E500041B1E1 /* Resources */,
			);
			buildRules = (
			);
			dependencies = (
			);
			name = OSUIDWidgetExtension;
			productName = OSUIDWidgetExtension;
			productReference = 74FAB623270D3E500041B1E1 /* OSUIDWidgetExtension.appex */;
			productType = "com.apple.product-type.app-extension";
		};
/* End PBXNativeTarget section */

/* Begin PBXProject section */
		745F3AEE270A696500EC5B16 /* Project object */ = {
			isa = PBXProject;
			attributes = {
				BuildIndependentTargetsInParallel = 1;
				LastSwiftUpdateCheck = 1310;
				LastUpgradeCheck = 1300;
				TargetAttributes = {
					745F3AF5270A696500EC5B16 = {
						CreatedOnToolsVersion = 13.0;
					};
					74A782D127827D4A00627C1E = {
						CreatedOnToolsVersion = 13.1;
					};
					74A782DC27827D5000627C1E = {
						CreatedOnToolsVersion = 13.1;
					};
					74FAB622270D3E500041B1E1 = {
						CreatedOnToolsVersion = 13.0;
					};
				};
			};
			buildConfigurationList = 745F3AF1270A696500EC5B16 /* Build configuration list for PBXProject "OSU ID" */;
			compatibilityVersion = "Xcode 13.0";
			developmentRegion = en;
			hasScannedForEncodings = 0;
			knownRegions = (
				en,
				Base,
			);
			mainGroup = 745F3AED270A696500EC5B16;
			productRefGroup = 745F3AF7270A696500EC5B16 /* Products */;
			projectDirPath = "";
			projectRoot = "";
			targets = (
				745F3AF5270A696500EC5B16 /* OSU ID */,
				74FAB622270D3E500041B1E1 /* OSUIDWidgetExtension */,
				74A782D127827D4A00627C1E /* OSU ID Watch */,
				74A782DC27827D5000627C1E /* OSU ID Watch WatchKit Extension */,
			);
		};
/* End PBXProject section */

/* Begin PBXResourcesBuildPhase section */
		745F3AF4270A696500EC5B16 /* Resources */ = {
			isa = PBXResourcesBuildPhase;
			buildActionMask = 2147483647;
			files = (
				745F3B06270A696A00EC5B16 /* LaunchScreen.storyboard in Resources */,
				745F3B03270A696A00EC5B16 /* Assets.xcassets in Resources */,
				745F3B01270A696500EC5B16 /* Main.storyboard in Resources */,
			);
			runOnlyForDeploymentPostprocessing = 0;
		};
		74A782D027827D4A00627C1E /* Resources */ = {
			isa = PBXResourcesBuildPhase;
			buildActionMask = 2147483647;
			files = (
				74A782D827827D4F00627C1E /* Assets.xcassets in Resources */,
				74A782D627827D4A00627C1E /* Interface.storyboard in Resources */,
			);
			runOnlyForDeploymentPostprocessing = 0;
		};
		74A782DB27827D5000627C1E /* Resources */ = {
			isa = PBXResourcesBuildPhase;
			buildActionMask = 2147483647;
			files = (
				74A782EB27827D5300627C1E /* Assets.xcassets in Resources */,
			);
			runOnlyForDeploymentPostprocessing = 0;
		};
		74FAB621270D3E500041B1E1 /* Resources */ = {
			isa = PBXResourcesBuildPhase;
			buildActionMask = 2147483647;
			files = (
				74FAB62C270D3E570041B1E1 /* Assets.xcassets in Resources */,
			);
			runOnlyForDeploymentPostprocessing = 0;
		};
/* End PBXResourcesBuildPhase section */

/* Begin PBXShellScriptBuildPhase section */
		13A740B5BB495A9C4F1BD1B6 /* [CP] Check Pods Manifest.lock */ = {
			isa = PBXShellScriptBuildPhase;
			buildActionMask = 2147483647;
			files = (
			);
			inputFileListPaths = (
			);
			inputPaths = (
				"${PODS_PODFILE_DIR_PATH}/Podfile.lock",
				"${PODS_ROOT}/Manifest.lock",
			);
			name = "[CP] Check Pods Manifest.lock";
			outputFileListPaths = (
			);
			outputPaths = (
				"$(DERIVED_FILE_DIR)/Pods-OSU ID-checkManifestLockResult.txt",
			);
			runOnlyForDeploymentPostprocessing = 0;
			shellPath = /bin/sh;
			shellScript = "diff \"${PODS_PODFILE_DIR_PATH}/Podfile.lock\" \"${PODS_ROOT}/Manifest.lock\" > /dev/null\nif [ $? != 0 ] ; then\n    # print error to STDERR\n    echo \"error: The sandbox is not in sync with the Podfile.lock. Run 'pod install' or update your CocoaPods installation.\" >&2\n    exit 1\nfi\n# This output is used by Xcode 'outputs' to avoid re-running this script phase.\necho \"SUCCESS\" > \"${SCRIPT_OUTPUT_FILE_0}\"\n";
			showEnvVarsInLog = 0;
		};
		2E25849D5DB523ECFE0C6209 /* [CP] Embed Pods Frameworks */ = {
			isa = PBXShellScriptBuildPhase;
			buildActionMask = 2147483647;
			files = (
			);
			inputFileListPaths = (
				"${PODS_ROOT}/Target Support Files/Pods-OSU ID/Pods-OSU ID-frameworks-${CONFIGURATION}-input-files.xcfilelist",
			);
			name = "[CP] Embed Pods Frameworks";
			outputFileListPaths = (
				"${PODS_ROOT}/Target Support Files/Pods-OSU ID/Pods-OSU ID-frameworks-${CONFIGURATION}-output-files.xcfilelist",
			);
			runOnlyForDeploymentPostprocessing = 0;
			shellPath = /bin/sh;
			shellScript = "\"${PODS_ROOT}/Target Support Files/Pods-OSU ID/Pods-OSU ID-frameworks.sh\"\n";
			showEnvVarsInLog = 0;
		};
/* End PBXShellScriptBuildPhase section */

/* Begin PBXSourcesBuildPhase section */
		745F3AF2270A696500EC5B16 /* Sources */ = {
			isa = PBXSourcesBuildPhase;
			buildActionMask = 2147483647;
			files = (
				7464AED4270D571F000C8CA4 /* NotificationsTVC.swift in Sources */,
				745F3AFE270A696500EC5B16 /* ViewController.swift in Sources */,
				74CCB254270EC50500AF473C /* Utils.swift in Sources */,
				74DE63BC270CDC0000FB0A40 /* UserDefaults.swift in Sources */,
				74FAB61E270D066D0041B1E1 /* SettingsTVC.swift in Sources */,
				745F3AFA270A696500EC5B16 /* AppDelegate.swift in Sources */,
				74DE63BE270CE04800FB0A40 /* NameVC.swift in Sources */,
				745F3AFC270A696500EC5B16 /* SceneDelegate.swift in Sources */,
				74F8651A270BFF5E00EBC516 /* IDVC.swift in Sources */,
			);
			runOnlyForDeploymentPostprocessing = 0;
		};
		74A782D927827D5000627C1E /* Sources */ = {
			isa = PBXSourcesBuildPhase;
			buildActionMask = 2147483647;
			files = (
				74A782E727827D5000627C1E /* NotificationController.swift in Sources */,
				74398C43278443A100F222C7 /* UserDefaults.swift in Sources */,
				74A782E927827D5000627C1E /* ComplicationController.swift in Sources */,
				74A782E527827D5000627C1E /* ExtensionDelegate.swift in Sources */,
				74A782E327827D5000627C1E /* InterfaceController.swift in Sources */,
			);
			runOnlyForDeploymentPostprocessing = 0;
		};
		74FAB61F270D3E500041B1E1 /* Sources */ = {
			isa = PBXSourcesBuildPhase;
			buildActionMask = 2147483647;
			files = (
				7464AED5270D5F51000C8CA4 /* UserDefaults.swift in Sources */,
				74FAB62A270D3E500041B1E1 /* OSUIDWidget.swift in Sources */,
			);
			runOnlyForDeploymentPostprocessing = 0;
		};
/* End PBXSourcesBuildPhase section */

/* Begin PBXTargetDependency section */
		74A782E027827D5000627C1E /* PBXTargetDependency */ = {
			isa = PBXTargetDependency;
			target = 74A782DC27827D5000627C1E /* OSU ID Watch WatchKit Extension */;
			targetProxy = 74A782DF27827D5000627C1E /* PBXContainerItemProxy */;
		};
		74A782EF27827D5400627C1E /* PBXTargetDependency */ = {
			isa = PBXTargetDependency;
			target = 74A782D127827D4A00627C1E /* OSU ID Watch */;
			targetProxy = 74A782EE27827D5400627C1E /* PBXContainerItemProxy */;
		};
		74FAB62F270D3E570041B1E1 /* PBXTargetDependency */ = {
			isa = PBXTargetDependency;
			target = 74FAB622270D3E500041B1E1 /* OSUIDWidgetExtension */;
			targetProxy = 74FAB62E270D3E570041B1E1 /* PBXContainerItemProxy */;
		};
/* End PBXTargetDependency section */

/* Begin PBXVariantGroup section */
		745F3AFF270A696500EC5B16 /* Main.storyboard */ = {
			isa = PBXVariantGroup;
			children = (
				745F3B00270A696500EC5B16 /* Base */,
			);
			name = Main.storyboard;
			sourceTree = "<group>";
		};
		745F3B04270A696A00EC5B16 /* LaunchScreen.storyboard */ = {
			isa = PBXVariantGroup;
			children = (
				745F3B05270A696A00EC5B16 /* Base */,
			);
			name = LaunchScreen.storyboard;
			sourceTree = "<group>";
		};
		74A782D427827D4A00627C1E /* Interface.storyboard */ = {
			isa = PBXVariantGroup;
			children = (
				74A782D527827D4A00627C1E /* Base */,
			);
			name = Interface.storyboard;
			sourceTree = "<group>";
		};
/* End PBXVariantGroup section */

/* Begin XCBuildConfiguration section */
		745F3B08270A696A00EC5B16 /* Debug */ = {
			isa = XCBuildConfiguration;
			buildSettings = {
				ALWAYS_SEARCH_USER_PATHS = NO;
				CLANG_ANALYZER_NONNULL = YES;
				CLANG_ANALYZER_NUMBER_OBJECT_CONVERSION = YES_AGGRESSIVE;
				CLANG_CXX_LANGUAGE_STANDARD = "gnu++17";
				CLANG_CXX_LIBRARY = "libc++";
				CLANG_ENABLE_MODULES = YES;
				CLANG_ENABLE_OBJC_ARC = YES;
				CLANG_ENABLE_OBJC_WEAK = YES;
				CLANG_WARN_BLOCK_CAPTURE_AUTORELEASING = YES;
				CLANG_WARN_BOOL_CONVERSION = YES;
				CLANG_WARN_COMMA = YES;
				CLANG_WARN_CONSTANT_CONVERSION = YES;
				CLANG_WARN_DEPRECATED_OBJC_IMPLEMENTATIONS = YES;
				CLANG_WARN_DIRECT_OBJC_ISA_USAGE = YES_ERROR;
				CLANG_WARN_DOCUMENTATION_COMMENTS = YES;
				CLANG_WARN_EMPTY_BODY = YES;
				CLANG_WARN_ENUM_CONVERSION = YES;
				CLANG_WARN_INFINITE_RECURSION = YES;
				CLANG_WARN_INT_CONVERSION = YES;
				CLANG_WARN_NON_LITERAL_NULL_CONVERSION = YES;
				CLANG_WARN_OBJC_IMPLICIT_RETAIN_SELF = YES;
				CLANG_WARN_OBJC_LITERAL_CONVERSION = YES;
				CLANG_WARN_OBJC_ROOT_CLASS = YES_ERROR;
				CLANG_WARN_QUOTED_INCLUDE_IN_FRAMEWORK_HEADER = YES;
				CLANG_WARN_RANGE_LOOP_ANALYSIS = YES;
				CLANG_WARN_STRICT_PROTOTYPES = YES;
				CLANG_WARN_SUSPICIOUS_MOVE = YES;
				CLANG_WARN_UNGUARDED_AVAILABILITY = YES_AGGRESSIVE;
				CLANG_WARN_UNREACHABLE_CODE = YES;
				CLANG_WARN__DUPLICATE_METHOD_MATCH = YES;
				COPY_PHASE_STRIP = NO;
				DEBUG_INFORMATION_FORMAT = dwarf;
				ENABLE_STRICT_OBJC_MSGSEND = YES;
				ENABLE_TESTABILITY = YES;
				GCC_C_LANGUAGE_STANDARD = gnu11;
				GCC_DYNAMIC_NO_PIC = NO;
				GCC_NO_COMMON_BLOCKS = YES;
				GCC_OPTIMIZATION_LEVEL = 0;
				GCC_PREPROCESSOR_DEFINITIONS = (
					"DEBUG=1",
					"$(inherited)",
				);
				GCC_WARN_64_TO_32_BIT_CONVERSION = YES;
				GCC_WARN_ABOUT_RETURN_TYPE = YES_ERROR;
				GCC_WARN_UNDECLARED_SELECTOR = YES;
				GCC_WARN_UNINITIALIZED_AUTOS = YES_AGGRESSIVE;
				GCC_WARN_UNUSED_FUNCTION = YES;
				GCC_WARN_UNUSED_VARIABLE = YES;
				IPHONEOS_DEPLOYMENT_TARGET = 13.0;
				MTL_ENABLE_DEBUG_INFO = INCLUDE_SOURCE;
				MTL_FAST_MATH = YES;
				ONLY_ACTIVE_ARCH = YES;
				SDKROOT = iphoneos;
				SWIFT_ACTIVE_COMPILATION_CONDITIONS = DEBUG;
				SWIFT_OPTIMIZATION_LEVEL = "-Onone";
			};
			name = Debug;
		};
		745F3B09270A696A00EC5B16 /* Release */ = {
			isa = XCBuildConfiguration;
			buildSettings = {
				ALWAYS_SEARCH_USER_PATHS = NO;
				CLANG_ANALYZER_NONNULL = YES;
				CLANG_ANALYZER_NUMBER_OBJECT_CONVERSION = YES_AGGRESSIVE;
				CLANG_CXX_LANGUAGE_STANDARD = "gnu++17";
				CLANG_CXX_LIBRARY = "libc++";
				CLANG_ENABLE_MODULES = YES;
				CLANG_ENABLE_OBJC_ARC = YES;
				CLANG_ENABLE_OBJC_WEAK = YES;
				CLANG_WARN_BLOCK_CAPTURE_AUTORELEASING = YES;
				CLANG_WARN_BOOL_CONVERSION = YES;
				CLANG_WARN_COMMA = YES;
				CLANG_WARN_CONSTANT_CONVERSION = YES;
				CLANG_WARN_DEPRECATED_OBJC_IMPLEMENTATIONS = YES;
				CLANG_WARN_DIRECT_OBJC_ISA_USAGE = YES_ERROR;
				CLANG_WARN_DOCUMENTATION_COMMENTS = YES;
				CLANG_WARN_EMPTY_BODY = YES;
				CLANG_WARN_ENUM_CONVERSION = YES;
				CLANG_WARN_INFINITE_RECURSION = YES;
				CLANG_WARN_INT_CONVERSION = YES;
				CLANG_WARN_NON_LITERAL_NULL_CONVERSION = YES;
				CLANG_WARN_OBJC_IMPLICIT_RETAIN_SELF = YES;
				CLANG_WARN_OBJC_LITERAL_CONVERSION = YES;
				CLANG_WARN_OBJC_ROOT_CLASS = YES_ERROR;
				CLANG_WARN_QUOTED_INCLUDE_IN_FRAMEWORK_HEADER = YES;
				CLANG_WARN_RANGE_LOOP_ANALYSIS = YES;
				CLANG_WARN_STRICT_PROTOTYPES = YES;
				CLANG_WARN_SUSPICIOUS_MOVE = YES;
				CLANG_WARN_UNGUARDED_AVAILABILITY = YES_AGGRESSIVE;
				CLANG_WARN_UNREACHABLE_CODE = YES;
				CLANG_WARN__DUPLICATE_METHOD_MATCH = YES;
				COPY_PHASE_STRIP = NO;
				DEBUG_INFORMATION_FORMAT = "dwarf-with-dsym";
				ENABLE_NS_ASSERTIONS = NO;
				ENABLE_STRICT_OBJC_MSGSEND = YES;
				GCC_C_LANGUAGE_STANDARD = gnu11;
				GCC_NO_COMMON_BLOCKS = YES;
				GCC_WARN_64_TO_32_BIT_CONVERSION = YES;
				GCC_WARN_ABOUT_RETURN_TYPE = YES_ERROR;
				GCC_WARN_UNDECLARED_SELECTOR = YES;
				GCC_WARN_UNINITIALIZED_AUTOS = YES_AGGRESSIVE;
				GCC_WARN_UNUSED_FUNCTION = YES;
				GCC_WARN_UNUSED_VARIABLE = YES;
				IPHONEOS_DEPLOYMENT_TARGET = 13.0;
				MTL_ENABLE_DEBUG_INFO = NO;
				MTL_FAST_MATH = YES;
				SDKROOT = iphoneos;
				SWIFT_COMPILATION_MODE = wholemodule;
				SWIFT_OPTIMIZATION_LEVEL = "-O";
				VALIDATE_PRODUCT = YES;
			};
			name = Release;
		};
		745F3B0B270A696A00EC5B16 /* Debug */ = {
			isa = XCBuildConfiguration;
			baseConfigurationReference = 2A105207C293FA13451D2D33 /* Pods-OSU ID.debug.xcconfig */;
			buildSettings = {
				ALWAYS_EMBED_SWIFT_STANDARD_LIBRARIES = YES;
				ASSETCATALOG_COMPILER_APPICON_NAME = AppIcon;
				ASSETCATALOG_COMPILER_GLOBAL_ACCENT_COLOR_NAME = AccentColor;
				CODE_SIGN_ENTITLEMENTS = "OSU ID/OSU ID.entitlements";
				CODE_SIGN_STYLE = Automatic;
				CURRENT_PROJECT_VERSION = 8;
				DEVELOPMENT_TEAM = 5E845TX3E6;
				GENERATE_INFOPLIST_FILE = YES;
				INFOPLIST_FILE = "OSU ID/Info.plist";
				INFOPLIST_KEY_NSCameraUsageDescription = "To scan your ID's barcode";
				INFOPLIST_KEY_UIApplicationSupportsIndirectInputEvents = YES;
				INFOPLIST_KEY_UILaunchStoryboardName = LaunchScreen;
				INFOPLIST_KEY_UIMainStoryboardFile = Main;
				INFOPLIST_KEY_UISupportedInterfaceOrientations = UIInterfaceOrientationPortrait;
				INFOPLIST_KEY_UISupportedInterfaceOrientations_iPad = "UIInterfaceOrientationPortrait UIInterfaceOrientationPortraitUpsideDown UIInterfaceOrientationLandscapeLeft UIInterfaceOrientationLandscapeRight";
				INFOPLIST_KEY_UISupportedInterfaceOrientations_iPhone = "UIInterfaceOrientationPortrait UIInterfaceOrientationLandscapeLeft UIInterfaceOrientationLandscapeRight";
				IPHONEOS_DEPLOYMENT_TARGET = 13.0;
				LD_RUNPATH_SEARCH_PATHS = (
					"$(inherited)",
					"@executable_path/Frameworks",
				);
				MARKETING_VERSION = 1.0;
				PRODUCT_BUNDLE_IDENTIFIER = "com.ipooglecodes.OSU-ID";
				PRODUCT_NAME = "$(TARGET_NAME)";
				SWIFT_EMIT_LOC_STRINGS = YES;
				SWIFT_VERSION = 5.0;
				TARGETED_DEVICE_FAMILY = "1,2";
			};
			name = Debug;
		};
		745F3B0C270A696A00EC5B16 /* Release */ = {
			isa = XCBuildConfiguration;
			baseConfigurationReference = 63A1C9C063E0A6E86DB22E1C /* Pods-OSU ID.release.xcconfig */;
			buildSettings = {
				ALWAYS_EMBED_SWIFT_STANDARD_LIBRARIES = YES;
				ASSETCATALOG_COMPILER_APPICON_NAME = AppIcon;
				ASSETCATALOG_COMPILER_GLOBAL_ACCENT_COLOR_NAME = AccentColor;
				CODE_SIGN_ENTITLEMENTS = "OSU ID/OSU ID.entitlements";
				CODE_SIGN_STYLE = Automatic;
				CURRENT_PROJECT_VERSION = 8;
				DEVELOPMENT_TEAM = 5E845TX3E6;
				GENERATE_INFOPLIST_FILE = YES;
				INFOPLIST_FILE = "OSU ID/Info.plist";
				INFOPLIST_KEY_NSCameraUsageDescription = "To scan your ID's barcode";
				INFOPLIST_KEY_UIApplicationSupportsIndirectInputEvents = YES;
				INFOPLIST_KEY_UILaunchStoryboardName = LaunchScreen;
				INFOPLIST_KEY_UIMainStoryboardFile = Main;
				INFOPLIST_KEY_UISupportedInterfaceOrientations = UIInterfaceOrientationPortrait;
				INFOPLIST_KEY_UISupportedInterfaceOrientations_iPad = "UIInterfaceOrientationPortrait UIInterfaceOrientationPortraitUpsideDown UIInterfaceOrientationLandscapeLeft UIInterfaceOrientationLandscapeRight";
				INFOPLIST_KEY_UISupportedInterfaceOrientations_iPhone = "UIInterfaceOrientationPortrait UIInterfaceOrientationLandscapeLeft UIInterfaceOrientationLandscapeRight";
				IPHONEOS_DEPLOYMENT_TARGET = 13.0;
				LD_RUNPATH_SEARCH_PATHS = (
					"$(inherited)",
					"@executable_path/Frameworks",
				);
				MARKETING_VERSION = 1.0;
				PRODUCT_BUNDLE_IDENTIFIER = "com.ipooglecodes.OSU-ID";
				PRODUCT_NAME = "$(TARGET_NAME)";
				SWIFT_EMIT_LOC_STRINGS = YES;
				SWIFT_VERSION = 5.0;
				TARGETED_DEVICE_FAMILY = "1,2";
			};
			name = Release;
		};
		74A782F227827D5400627C1E /* Debug */ = {
			isa = XCBuildConfiguration;
			buildSettings = {
				ALWAYS_EMBED_SWIFT_STANDARD_LIBRARIES = YES;
				ASSETCATALOG_COMPILER_APPICON_NAME = AppIcon;
				ASSETCATALOG_COMPILER_GLOBAL_ACCENT_COLOR_NAME = AccentColor;
				CODE_SIGN_ENTITLEMENTS = "OSU ID Watch/OSU ID Watch.entitlements";
				CODE_SIGN_STYLE = Automatic;
				CURRENT_PROJECT_VERSION = 8;
				DEVELOPMENT_TEAM = 5E845TX3E6;
				GENERATE_INFOPLIST_FILE = YES;
				IBSC_MODULE = OSU_ID_Watch_WatchKit_Extension;
				INFOPLIST_KEY_CFBundleDisplayName = "OSU ID Watch";
				INFOPLIST_KEY_UISupportedInterfaceOrientations = "UIInterfaceOrientationPortrait UIInterfaceOrientationPortraitUpsideDown";
				INFOPLIST_KEY_WKCompanionAppBundleIdentifier = "com.ipooglecodes.OSU-ID";
				MARKETING_VERSION = 1.0;
				PRODUCT_BUNDLE_IDENTIFIER = "com.ipooglecodes.OSU-ID.watchkitapp";
				PRODUCT_NAME = "$(TARGET_NAME)";
				SDKROOT = watchos;
				SKIP_INSTALL = YES;
				SWIFT_EMIT_LOC_STRINGS = YES;
				SWIFT_VERSION = 5.0;
				TARGETED_DEVICE_FAMILY = 4;
				WATCHOS_DEPLOYMENT_TARGET = 8.0;
			};
			name = Debug;
		};
		74A782F327827D5400627C1E /* Release */ = {
			isa = XCBuildConfiguration;
			buildSettings = {
				ALWAYS_EMBED_SWIFT_STANDARD_LIBRARIES = YES;
				ASSETCATALOG_COMPILER_APPICON_NAME = AppIcon;
				ASSETCATALOG_COMPILER_GLOBAL_ACCENT_COLOR_NAME = AccentColor;
				CODE_SIGN_ENTITLEMENTS = "OSU ID Watch/OSU ID Watch.entitlements";
				CODE_SIGN_STYLE = Automatic;
				CURRENT_PROJECT_VERSION = 8;
				DEVELOPMENT_TEAM = 5E845TX3E6;
				GENERATE_INFOPLIST_FILE = YES;
				IBSC_MODULE = OSU_ID_Watch_WatchKit_Extension;
				INFOPLIST_KEY_CFBundleDisplayName = "OSU ID Watch";
				INFOPLIST_KEY_UISupportedInterfaceOrientations = "UIInterfaceOrientationPortrait UIInterfaceOrientationPortraitUpsideDown";
				INFOPLIST_KEY_WKCompanionAppBundleIdentifier = "com.ipooglecodes.OSU-ID";
				MARKETING_VERSION = 1.0;
				PRODUCT_BUNDLE_IDENTIFIER = "com.ipooglecodes.OSU-ID.watchkitapp";
				PRODUCT_NAME = "$(TARGET_NAME)";
				SDKROOT = watchos;
				SKIP_INSTALL = YES;
				SWIFT_EMIT_LOC_STRINGS = YES;
				SWIFT_VERSION = 5.0;
				TARGETED_DEVICE_FAMILY = 4;
				WATCHOS_DEPLOYMENT_TARGET = 8.0;
			};
			name = Release;
		};
		74A782F527827D5400627C1E /* Debug */ = {
			isa = XCBuildConfiguration;
			buildSettings = {
				ASSETCATALOG_COMPILER_COMPLICATION_NAME = Complication;
				CODE_SIGN_ENTITLEMENTS = "OSU ID Watch WatchKit Extension/OSU ID Watch WatchKit Extension.entitlements";
				CODE_SIGN_STYLE = Automatic;
				CURRENT_PROJECT_VERSION = 8;
				DEVELOPMENT_TEAM = 5E845TX3E6;
				GENERATE_INFOPLIST_FILE = YES;
				INFOPLIST_FILE = "OSU ID Watch WatchKit Extension/Info.plist";
				INFOPLIST_KEY_CFBundleDisplayName = "OSU ID Watch WatchKit Extension";
				INFOPLIST_KEY_CLKComplicationPrincipalClass = OSU_ID_Watch_WatchKit_Extension.ComplicationController;
				INFOPLIST_KEY_NSHumanReadableCopyright = "";
				INFOPLIST_KEY_WKExtensionDelegateClassName = OSU_ID_Watch_WatchKit_Extension.ExtensionDelegate;
				LD_RUNPATH_SEARCH_PATHS = (
					"$(inherited)",
					"@executable_path/Frameworks",
					"@executable_path/../../Frameworks",
				);
				MARKETING_VERSION = 1.0;
				PRODUCT_BUNDLE_IDENTIFIER = "com.ipooglecodes.OSU-ID.watchkitapp.watchkitextension";
				PRODUCT_NAME = "${TARGET_NAME}";
				SDKROOT = watchos;
				SKIP_INSTALL = YES;
				SWIFT_EMIT_LOC_STRINGS = YES;
				SWIFT_VERSION = 5.0;
				TARGETED_DEVICE_FAMILY = 4;
				WATCHOS_DEPLOYMENT_TARGET = 8.0;
			};
			name = Debug;
		};
		74A782F627827D5400627C1E /* Release */ = {
			isa = XCBuildConfiguration;
			buildSettings = {
				ASSETCATALOG_COMPILER_COMPLICATION_NAME = Complication;
				CODE_SIGN_ENTITLEMENTS = "OSU ID Watch WatchKit Extension/OSU ID Watch WatchKit Extension.entitlements";
				CODE_SIGN_STYLE = Automatic;
				CURRENT_PROJECT_VERSION = 8;
				DEVELOPMENT_TEAM = 5E845TX3E6;
				GENERATE_INFOPLIST_FILE = YES;
				INFOPLIST_FILE = "OSU ID Watch WatchKit Extension/Info.plist";
				INFOPLIST_KEY_CFBundleDisplayName = "OSU ID Watch WatchKit Extension";
				INFOPLIST_KEY_CLKComplicationPrincipalClass = OSU_ID_Watch_WatchKit_Extension.ComplicationController;
				INFOPLIST_KEY_NSHumanReadableCopyright = "";
				INFOPLIST_KEY_WKExtensionDelegateClassName = OSU_ID_Watch_WatchKit_Extension.ExtensionDelegate;
				LD_RUNPATH_SEARCH_PATHS = (
					"$(inherited)",
					"@executable_path/Frameworks",
					"@executable_path/../../Frameworks",
				);
				MARKETING_VERSION = 1.0;
				PRODUCT_BUNDLE_IDENTIFIER = "com.ipooglecodes.OSU-ID.watchkitapp.watchkitextension";
				PRODUCT_NAME = "${TARGET_NAME}";
				SDKROOT = watchos;
				SKIP_INSTALL = YES;
				SWIFT_EMIT_LOC_STRINGS = YES;
				SWIFT_VERSION = 5.0;
				TARGETED_DEVICE_FAMILY = 4;
				WATCHOS_DEPLOYMENT_TARGET = 8.0;
			};
			name = Release;
		};
		74FAB632270D3E570041B1E1 /* Debug */ = {
			isa = XCBuildConfiguration;
			buildSettings = {
				ASSETCATALOG_COMPILER_GLOBAL_ACCENT_COLOR_NAME = AccentColor;
				ASSETCATALOG_COMPILER_WIDGET_BACKGROUND_COLOR_NAME = WidgetBackground;
				CODE_SIGN_ENTITLEMENTS = OSUIDWidgetExtension.entitlements;
				CODE_SIGN_STYLE = Automatic;
				CURRENT_PROJECT_VERSION = 8;
				DEVELOPMENT_TEAM = 5E845TX3E6;
				GENERATE_INFOPLIST_FILE = YES;
				INFOPLIST_FILE = OSUIDWidget/Info.plist;
				INFOPLIST_KEY_CFBundleDisplayName = OSUIDWidget;
				INFOPLIST_KEY_NSHumanReadableCopyright = "";
				IPHONEOS_DEPLOYMENT_TARGET = 14.0;
				LD_RUNPATH_SEARCH_PATHS = (
					"$(inherited)",
					"@executable_path/Frameworks",
					"@executable_path/../../Frameworks",
				);
				MARKETING_VERSION = 1.0;
				PRODUCT_BUNDLE_IDENTIFIER = "com.ipooglecodes.OSU-ID.OSUIDWidget";
				PRODUCT_NAME = "$(TARGET_NAME)";
				SKIP_INSTALL = YES;
				SWIFT_EMIT_LOC_STRINGS = YES;
				SWIFT_VERSION = 5.0;
				TARGETED_DEVICE_FAMILY = "1,2";
			};
			name = Debug;
		};
		74FAB633270D3E570041B1E1 /* Release */ = {
			isa = XCBuildConfiguration;
			buildSettings = {
				ASSETCATALOG_COMPILER_GLOBAL_ACCENT_COLOR_NAME = AccentColor;
				ASSETCATALOG_COMPILER_WIDGET_BACKGROUND_COLOR_NAME = WidgetBackground;
				CODE_SIGN_ENTITLEMENTS = OSUIDWidgetExtension.entitlements;
				CODE_SIGN_STYLE = Automatic;
				CURRENT_PROJECT_VERSION = 8;
				DEVELOPMENT_TEAM = 5E845TX3E6;
				GENERATE_INFOPLIST_FILE = YES;
				INFOPLIST_FILE = OSUIDWidget/Info.plist;
				INFOPLIST_KEY_CFBundleDisplayName = OSUIDWidget;
				INFOPLIST_KEY_NSHumanReadableCopyright = "";
				IPHONEOS_DEPLOYMENT_TARGET = 14.0;
				LD_RUNPATH_SEARCH_PATHS = (
					"$(inherited)",
					"@executable_path/Frameworks",
					"@executable_path/../../Frameworks",
				);
				MARKETING_VERSION = 1.0;
				PRODUCT_BUNDLE_IDENTIFIER = "com.ipooglecodes.OSU-ID.OSUIDWidget";
				PRODUCT_NAME = "$(TARGET_NAME)";
				SKIP_INSTALL = YES;
				SWIFT_EMIT_LOC_STRINGS = YES;
				SWIFT_VERSION = 5.0;
				TARGETED_DEVICE_FAMILY = "1,2";
			};
			name = Release;
		};
/* End XCBuildConfiguration section */

/* Begin XCConfigurationList section */
		745F3AF1270A696500EC5B16 /* Build configuration list for PBXProject "OSU ID" */ = {
			isa = XCConfigurationList;
			buildConfigurations = (
				745F3B08270A696A00EC5B16 /* Debug */,
				745F3B09270A696A00EC5B16 /* Release */,
			);
			defaultConfigurationIsVisible = 0;
			defaultConfigurationName = Release;
		};
		745F3B0A270A696A00EC5B16 /* Build configuration list for PBXNativeTarget "OSU ID" */ = {
			isa = XCConfigurationList;
			buildConfigurations = (
				745F3B0B270A696A00EC5B16 /* Debug */,
				745F3B0C270A696A00EC5B16 /* Release */,
			);
			defaultConfigurationIsVisible = 0;
			defaultConfigurationName = Release;
		};
		74A782F727827D5400627C1E /* Build configuration list for PBXNativeTarget "OSU ID Watch WatchKit Extension" */ = {
			isa = XCConfigurationList;
			buildConfigurations = (
				74A782F527827D5400627C1E /* Debug */,
				74A782F627827D5400627C1E /* Release */,
			);
			defaultConfigurationIsVisible = 0;
			defaultConfigurationName = Release;
		};
		74A782F827827D5400627C1E /* Build configuration list for PBXNativeTarget "OSU ID Watch" */ = {
			isa = XCConfigurationList;
			buildConfigurations = (
				74A782F227827D5400627C1E /* Debug */,
				74A782F327827D5400627C1E /* Release */,
			);
			defaultConfigurationIsVisible = 0;
			defaultConfigurationName = Release;
		};
		74FAB634270D3E570041B1E1 /* Build configuration list for PBXNativeTarget "OSUIDWidgetExtension" */ = {
			isa = XCConfigurationList;
			buildConfigurations = (
				74FAB632270D3E570041B1E1 /* Debug */,
				74FAB633270D3E570041B1E1 /* Release */,
			);
			defaultConfigurationIsVisible = 0;
			defaultConfigurationName = Release;
		};
/* End XCConfigurationList section */
	};
	rootObject = 745F3AEE270A696500EC5B16 /* Project object */;
}
